
Microsoft Visual Studio Solution File, Format Version 12.00
# Visual Studio Version 17
VisualStudioVersion = 17.14.36121.58
MinimumVisualStudioVersion = 10.0.40219.1
Project("{FAE04EC0-301F-11D3-BF4B-00C04F79EFBC}") = "ProjectManager.API", "ProjectManager.API\ProjectManager.API.csproj", "{7F324AFC-785B-41FE-9932-48E344665B4F}"
EndProject
Project("{FAE04EC0-301F-11D3-BF4B-00C04F79EFBC}") = "ProjectManager.Application", "ProjectManager.Application\ProjectManager.Application.csproj", "{46FCC7AF-0030-4EA6-08F3-677666D1176A}"
EndProject
Project("{FAE04EC0-301F-11D3-BF4B-00C04F79EFBC}") = "ProjectManager.Domain", "ProjectManager.Domain\ProjectManager.Domain.csproj", "{6C5082D5-7651-6732-B519-ACDCDBC8D3F4}"
EndProject
Project("{FAE04EC0-301F-11D3-BF4B-00C04F79EFBC}") = "ProjectManager.Infrastructure", "ProjectManager.Infrastructure\ProjectManager.Infrastructure.csproj", "{0E5311DE-08C3-6ED2-E1FA-5C589E13D633}"
EndProject
Project("{FAE04EC0-301F-11D3-BF4B-00C04F79EFBC}") = "ProjectManager.Tests", "ProjectManager.Tests\ProjectManager.Tests.csproj", "{1000B74D-6E11-3C95-D7F7-4F90E5C099FD}"
EndProject
Global
	GlobalSection(SolutionConfigurationPlatforms) = preSolution
		Debug|Any CPU = Debug|Any CPU
		Release|Any CPU = Release|Any CPU
	EndGlobalSection
	GlobalSection(ProjectConfigurationPlatforms) = postSolution
		{7F324AFC-785B-41FE-9932-48E344665B4F}.Debug|Any CPU.ActiveCfg = Debug|Any CPU
		{7F324AFC-785B-41FE-9932-48E344665B4F}.Debug|Any CPU.Build.0 = Debug|Any CPU
		{7F324AFC-785B-41FE-9932-48E344665B4F}.Release|Any CPU.ActiveCfg = Release|Any CPU
		{7F324AFC-785B-41FE-9932-48E344665B4F}.Release|Any CPU.Build.0 = Release|Any CPU
		{46FCC7AF-0030-4EA6-08F3-677666D1176A}.Debug|Any CPU.ActiveCfg = Debug|Any CPU
		{46FCC7AF-0030-4EA6-08F3-677666D1176A}.Debug|Any CPU.Build.0 = Debug|Any CPU
		{46FCC7AF-0030-4EA6-08F3-677666D1176A}.Release|Any CPU.ActiveCfg = Release|Any CPU
		{46FCC7AF-0030-4EA6-08F3-677666D1176A}.Release|Any CPU.Build.0 = Release|Any CPU
		{6C5082D5-7651-6732-B519-ACDCDBC8D3F4}.Debug|Any CPU.ActiveCfg = Debug|Any CPU
		{6C5082D5-7651-6732-B519-ACDCDBC8D3F4}.Debug|Any CPU.Build.0 = Debug|Any CPU
		{6C5082D5-7651-6732-B519-ACDCDBC8D3F4}.Release|Any CPU.ActiveCfg = Release|Any CPU
		{6C5082D5-7651-6732-B519-ACDCDBC8D3F4}.Release|Any CPU.Build.0 = Release|Any CPU
		{0E5311DE-08C3-6ED2-E1FA-5C589E13D633}.Debug|Any CPU.ActiveCfg = Debug|Any CPU
		{0E5311DE-08C3-6ED2-E1FA-5C589E13D633}.Debug|Any CPU.Build.0 = Debug|Any CPU
		{0E5311DE-08C3-6ED2-E1FA-5C589E13D633}.Release|Any CPU.ActiveCfg = Release|Any CPU
		{0E5311DE-08C3-6ED2-E1FA-5C589E13D633}.Release|Any CPU.Build.0 = Release|Any CPU
		{1000B74D-6E11-3C95-D7F7-4F90E5C099FD}.Debug|Any CPU.ActiveCfg = Debug|Any CPU
		{1000B74D-6E11-3C95-D7F7-4F90E5C099FD}.Debug|Any CPU.Build.0 = Debug|Any CPU
		{1000B74D-6E11-3C95-D7F7-4F90E5C099FD}.Release|Any CPU.ActiveCfg = Release|Any CPU
		{1000B74D-6E11-3C95-D7F7-4F90E5C099FD}.Release|Any CPU.Build.0 = Release|Any CPU
	EndGlobalSection
	GlobalSection(SolutionProperties) = preSolution
		HideSolutionNode = FALSE
	EndGlobalSection
	GlobalSection(ExtensibilityGlobals) = postSolution
		SolutionGuid = {F7621C3A-7731-4134-8510-8A2AEC8FB2EE}
	EndGlobalSection
EndGlobal
